
Microsoft Visual Studio Solution File, Format Version 12.00
# Visual Studio Version 16
VisualStudioVersion = 16.0.30804.86
MinimumVisualStudioVersion = 10.0.40219.1
Project("{FAE04EC0-301F-11D3-BF4B-00C04F79EFBC}") = "YDL-UI", "YDL-UI\YDL-UI.csproj", "{5086A2CD-46E7-47A1-BD09-157A239B99FC}"
EndProject
Project("{2150E333-8FDC-42A3-9474-1A3956D46DE8}") = "Solution Items", "Solution Items", "{352EE8C7-9B19-4585-930C-AC98647D4BC0}"
	ProjectSection(SolutionItems) = preProject
		.editorconfig = .editorconfig
		.gitignore = .gitignore
		appveyor.yml = appveyor.yml
		LICENSE = LICENSE
		package-build.ps1 = package-build.ps1
		README.md = README.md
		update-version-v2.ps1 = update-version-v2.ps1
		version.txt = version.txt
	EndProjectSection
EndProject
Global
	GlobalSection(SolutionConfigurationPlatforms) = preSolution
		Debug|Any CPU = Debug|Any CPU
		Release|Any CPU = Release|Any CPU
	EndGlobalSection
	GlobalSection(ProjectConfigurationPlatforms) = postSolution
		{5086A2CD-46E7-47A1-BD09-157A239B99FC}.Debug|Any CPU.ActiveCfg = Debug|Any CPU
		{5086A2CD-46E7-47A1-BD09-157A239B99FC}.Debug|Any CPU.Build.0 = Debug|Any CPU
		{5086A2CD-46E7-47A1-BD09-157A239B99FC}.Release|Any CPU.ActiveCfg = Release|Any CPU
		{5086A2CD-46E7-47A1-BD09-157A239B99FC}.Release|Any CPU.Build.0 = Release|Any CPU
	EndGlobalSection
	GlobalSection(SolutionProperties) = preSolution
		HideSolutionNode = FALSE
	EndGlobalSection
	GlobalSection(ExtensibilityGlobals) = postSolution
		SolutionGuid = {F0C8DC10-2213-4164-8D2E-3F42511C99D0}
	EndGlobalSection
EndGlobal
